
Microsoft Visual Studio Solution File, Format Version 12.00
# Visual Studio Version 16
VisualStudioVersion = 16.0.30204.135
MinimumVisualStudioVersion = 10.0.40219.1
Project("{FAE04EC0-301F-11D3-BF4B-00C04F79EFBC}") = "GIFMaker", "GIFMaker\GIFMaker.csproj", "{A61C9410-BA50-414D-874F-6EA7194A4A65}"
EndProject
Project("{FAE04EC0-301F-11D3-BF4B-00C04F79EFBC}") = "GIFMaker.Core", "GIFMaker.Core\GIFMaker.Core.csproj", "{9DAB78D7-6354-4DE4-AC77-595E329A8DD9}"
EndProject
Project("{FAE04EC0-301F-11D3-BF4B-00C04F79EFBC}") = "GIFMaker.Core.Test", "GIFMaker.Core.Test\GIFMaker.Core.Test.csproj", "{4A9DEC7B-67FA-49C3-9A94-92518C97E5B1}"
EndProject
Global
	GlobalSection(SolutionConfigurationPlatforms) = preSolution
		Debug|Any CPU = Debug|Any CPU
		Debug|x64 = Debug|x64
		Release|Any CPU = Release|Any CPU
		Release|x64 = Release|x64
	EndGlobalSection
	GlobalSection(ProjectConfigurationPlatforms) = postSolution
		{A61C9410-BA50-414D-874F-6EA7194A4A65}.Debug|Any CPU.ActiveCfg = Debug|x64
		{A61C9410-BA50-414D-874F-6EA7194A4A65}.Debug|Any CPU.Build.0 = Debug|x64
		{A61C9410-BA50-414D-874F-6EA7194A4A65}.Debug|x64.ActiveCfg = Debug|x64
		{A61C9410-BA50-414D-874F-6EA7194A4A65}.Debug|x64.Build.0 = Debug|x64
		{A61C9410-BA50-414D-874F-6EA7194A4A65}.Release|Any CPU.ActiveCfg = Release|x64
		{A61C9410-BA50-414D-874F-6EA7194A4A65}.Release|Any CPU.Build.0 = Release|x64
		{A61C9410-BA50-414D-874F-6EA7194A4A65}.Release|x64.ActiveCfg = Release|x64
		{A61C9410-BA50-414D-874F-6EA7194A4A65}.Release|x64.Build.0 = Release|x64
		{9DAB78D7-6354-4DE4-AC77-595E329A8DD9}.Debug|Any CPU.ActiveCfg = Debug|x64
		{9DAB78D7-6354-4DE4-AC77-595E329A8DD9}.Debug|Any CPU.Build.0 = Debug|x64
		{9DAB78D7-6354-4DE4-AC77-595E329A8DD9}.Debug|x64.ActiveCfg = Debug|x64
		{9DAB78D7-6354-4DE4-AC77-595E329A8DD9}.Debug|x64.Build.0 = Debug|x64
		{9DAB78D7-6354-4DE4-AC77-595E329A8DD9}.Release|Any CPU.ActiveCfg = Release|x64
		{9DAB78D7-6354-4DE4-AC77-595E329A8DD9}.Release|Any CPU.Build.0 = Release|x64
		{9DAB78D7-6354-4DE4-AC77-595E329A8DD9}.Release|x64.ActiveCfg = Release|x64
		{9DAB78D7-6354-4DE4-AC77-595E329A8DD9}.Release|x64.Build.0 = Release|x64
		{4A9DEC7B-67FA-49C3-9A94-92518C97E5B1}.Debug|Any CPU.ActiveCfg = Debug|x64
		{4A9DEC7B-67FA-49C3-9A94-92518C97E5B1}.Debug|Any CPU.Build.0 = Debug|x64
		{4A9DEC7B-67FA-49C3-9A94-92518C97E5B1}.Debug|x64.ActiveCfg = Debug|x64
		{4A9DEC7B-67FA-49C3-9A94-92518C97E5B1}.Debug|x64.Build.0 = Debug|x64
		{4A9DEC7B-67FA-49C3-9A94-92518C97E5B1}.Release|Any CPU.ActiveCfg = Release|x64
		{4A9DEC7B-67FA-49C3-9A94-92518C97E5B1}.Release|Any CPU.Build.0 = Release|x64
		{4A9DEC7B-67FA-49C3-9A94-92518C97E5B1}.Release|x64.ActiveCfg = Release|x64
		{4A9DEC7B-67FA-49C3-9A94-92518C97E5B1}.Release|x64.Build.0 = Release|x64
	EndGlobalSection
	GlobalSection(SolutionProperties) = preSolution
		HideSolutionNode = FALSE
	EndGlobalSection
	GlobalSection(ExtensibilityGlobals) = postSolution
		SolutionGuid = {EE2037E2-41B1-4235-B3C7-47E69E8604E8}
	EndGlobalSection
EndGlobal
